Microsoft Visual Studio Solution File, Format Version 12.00
# Visual Studio Version 17
VisualStudioVersion = 17.5.2.0
MinimumVisualStudioVersion = 10.0.40219.1
Project("{FAE04EC0-301F-11D3-BF4B-00C04F79EFBC}") = "ProductApi", "backend\ProductApi.csproj", "{4AFB9527-82F3-2EF6-0228-2812C97F1736}"
EndProject
Global
	GlobalSection(SolutionConfigurationPlatforms) = preSolution
		Debug|Any CPU = Debug|Any CPU
		Release|Any CPU = Release|Any CPU
	EndGlobalSection
	GlobalSection(ProjectConfigurationPlatforms) = postSolution
		{4AFB9527-82F3-2EF6-0228-2812C97F1736}.Debug|Any CPU.ActiveCfg = Debug|Any CPU
		{4AFB9527-82F3-2EF6-0228-2812C97F1736}.Debug|Any CPU.Build.0 = Debug|Any CPU
		{4AFB9527-82F3-2EF6-0228-2812C97F1736}.Release|Any CPU.ActiveCfg = Release|Any CPU
		{4AFB9527-82F3-2EF6-0228-2812C97F1736}.Release|Any CPU.Build.0 = Release|Any CPU
	EndGlobalSection
	GlobalSection(SolutionProperties) = preSolution
		HideSolutionNode = FALSE
	EndGlobalSection
	GlobalSection(ExtensibilityGlobals) = postSolution
		SolutionGuid = {7C4BFE2F-6F84-4607-8A7B-F858001D2FA7}
	EndGlobalSection
EndGlobal
